
Microsoft Visual Studio Solution File, Format Version 12.00
# Visual Studio Version 16
VisualStudioVersion = 16.0.31424.327
MinimumVisualStudioVersion = 10.0.40219.1
Project("{8BC9CEB8-8B4A-11D0-8D11-00A0C91BC942}") = "Applications", "Applications\Applications.vcxproj", "{59B69D12-7762-4532-8F29-50B11DD05673}"
EndProject
Global
	GlobalSection(SolutionConfigurationPlatforms) = preSolution
		Debug|x64 = Debug|x64
		Debug|x86 = Debug|x86
		Release|x64 = Release|x64
		Release|x86 = Release|x86
	EndGlobalSection
	GlobalSection(ProjectConfigurationPlatforms) = postSolution
		{59B69D12-7762-4532-8F29-50B11DD05673}.Debug|x64.ActiveCfg = Debug|x64
		{59B69D12-7762-4532-8F29-50B11DD05673}.Debug|x64.Build.0 = Debug|x64
		{59B69D12-7762-4532-8F29-50B11DD05673}.Debug|x86.ActiveCfg = Debug|Win32
		{59B69D12-7762-4532-8F29-50B11DD05673}.Debug|x86.Build.0 = Debug|Win32
		{59B69D12-7762-4532-8F29-50B11DD05673}.Release|x64.ActiveCfg = Release|x64
		{59B69D12-7762-4532-8F29-50B11DD05673}.Release|x64.Build.0 = Release|x64
		{59B69D12-7762-4532-8F29-50B11DD05673}.Release|x86.ActiveCfg = Release|Win32
		{59B69D12-7762-4532-8F29-50B11DD05673}.Release|x86.Build.0 = Release|Win32
	EndGlobalSection
	GlobalSection(SolutionProperties) = preSolution
		HideSolutionNode = FALSE
	EndGlobalSection
	GlobalSection(ExtensibilityGlobals) = postSolution
		SolutionGuid = {C0353D3E-2C99-4834-8825-2E7A98270A5E}
	EndGlobalSection
EndGlobal
